
Microsoft Visual Studio Solution File, Format Version 12.00
# Visual Studio 15
VisualStudioVersion = 15.0.26124.0
MinimumVisualStudioVersion = 15.0.26124.0
Project("{FAE04EC0-301F-11D3-BF4B-00C04F79EFBC}") = "temp", "src\temp.csproj", "{7BD3EFD7-A3F2-4A08-A882-962A1EA0CA44}"
EndProject
Project("{FAE04EC0-301F-11D3-BF4B-00C04F79EFBC}") = "BackEnd_TestCases", "BackEnd_TestCases\BackEnd_TestCases.csproj", "{647787B7-4C7D-4CE3-8321-CE7883BC824E}"
EndProject
Global
	GlobalSection(SolutionConfigurationPlatforms) = preSolution
		Debug|Any CPU = Debug|Any CPU
		Debug|x64 = Debug|x64
		Debug|x86 = Debug|x86
		Release|Any CPU = Release|Any CPU
		Release|x64 = Release|x64
		Release|x86 = Release|x86
	EndGlobalSection
	GlobalSection(SolutionProperties) = preSolution
		HideSolutionNode = FALSE
	EndGlobalSection
	GlobalSection(ProjectConfigurationPlatforms) = postSolution
		{7BD3EFD7-A3F2-4A08-A882-962A1EA0CA44}.Debug|Any CPU.ActiveCfg = Debug|Any CPU
		{7BD3EFD7-A3F2-4A08-A882-962A1EA0CA44}.Debug|Any CPU.Build.0 = Debug|Any CPU
		{7BD3EFD7-A3F2-4A08-A882-962A1EA0CA44}.Debug|x64.ActiveCfg = Debug|Any CPU
		{7BD3EFD7-A3F2-4A08-A882-962A1EA0CA44}.Debug|x64.Build.0 = Debug|Any CPU
		{7BD3EFD7-A3F2-4A08-A882-962A1EA0CA44}.Debug|x86.ActiveCfg = Debug|Any CPU
		{7BD3EFD7-A3F2-4A08-A882-962A1EA0CA44}.Debug|x86.Build.0 = Debug|Any CPU
		{7BD3EFD7-A3F2-4A08-A882-962A1EA0CA44}.Release|Any CPU.ActiveCfg = Release|Any CPU
		{7BD3EFD7-A3F2-4A08-A882-962A1EA0CA44}.Release|Any CPU.Build.0 = Release|Any CPU
		{7BD3EFD7-A3F2-4A08-A882-962A1EA0CA44}.Release|x64.ActiveCfg = Release|Any CPU
		{7BD3EFD7-A3F2-4A08-A882-962A1EA0CA44}.Release|x64.Build.0 = Release|Any CPU
		{7BD3EFD7-A3F2-4A08-A882-962A1EA0CA44}.Release|x86.ActiveCfg = Release|Any CPU
		{7BD3EFD7-A3F2-4A08-A882-962A1EA0CA44}.Release|x86.Build.0 = Release|Any CPU
		{647787B7-4C7D-4CE3-8321-CE7883BC824E}.Debug|Any CPU.ActiveCfg = Debug|Any CPU
		{647787B7-4C7D-4CE3-8321-CE7883BC824E}.Debug|Any CPU.Build.0 = Debug|Any CPU
		{647787B7-4C7D-4CE3-8321-CE7883BC824E}.Debug|x64.ActiveCfg = Debug|Any CPU
		{647787B7-4C7D-4CE3-8321-CE7883BC824E}.Debug|x64.Build.0 = Debug|Any CPU
		{647787B7-4C7D-4CE3-8321-CE7883BC824E}.Debug|x86.ActiveCfg = Debug|Any CPU
		{647787B7-4C7D-4CE3-8321-CE7883BC824E}.Debug|x86.Build.0 = Debug|Any CPU
		{647787B7-4C7D-4CE3-8321-CE7883BC824E}.Release|Any CPU.ActiveCfg = Release|Any CPU
		{647787B7-4C7D-4CE3-8321-CE7883BC824E}.Release|Any CPU.Build.0 = Release|Any CPU
		{647787B7-4C7D-4CE3-8321-CE7883BC824E}.Release|x64.ActiveCfg = Release|Any CPU
		{647787B7-4C7D-4CE3-8321-CE7883BC824E}.Release|x64.Build.0 = Release|Any CPU
		{647787B7-4C7D-4CE3-8321-CE7883BC824E}.Release|x86.ActiveCfg = Release|Any CPU
		{647787B7-4C7D-4CE3-8321-CE7883BC824E}.Release|x86.Build.0 = Release|Any CPU
	EndGlobalSection
EndGlobal
